Microsoft Visual Studio Solution File, Format Version 12.00
# Visual Studio Version 17
VisualStudioVersion = 17.0.31903.59
MinimumVisualStudioVersion = 10.0.40219.1
Project("{FAE04EC0-301F-11D3-BF4B-00C04F79EFBC}") = "ScheduledScreenshot", "src\ScheduledScreenshot\ScheduledScreenshot.csproj", "{A41B8328-3691-426B-A70F-64D9153F1231}"
EndProject
Project("{FAE04EC0-301F-11D3-BF4B-00C04F79EFBC}") = "ScheduledScreenshot.Tests", "tests\ScheduledScreenshot.Tests\ScheduledScreenshot.Tests.csproj", "{F876FF0B-F5AF-4A52-819E-D458B1BA51F1}"
EndProject
Global
	GlobalSection(SolutionConfigurationPlatforms) = preSolution
		Debug|x64 = Debug|x64
		Release|x64 = Release|x64
	EndGlobalSection
	GlobalSection(ProjectConfigurationPlatforms) = postSolution
		{A41B8328-3691-426B-A70F-64D9153F1231}.Debug|x64.ActiveCfg = Debug|x64
		{A41B8328-3691-426B-A70F-64D9153F1231}.Debug|x64.Build.0 = Debug|x64
		{A41B8328-3691-426B-A70F-64D9153F1231}.Release|x64.ActiveCfg = Release|x64
		{A41B8328-3691-426B-A70F-64D9153F1231}.Release|x64.Build.0 = Release|x64
		{F876FF0B-F5AF-4A52-819E-D458B1BA51F1}.Debug|x64.ActiveCfg = Debug|x64
		{F876FF0B-F5AF-4A52-819E-D458B1BA51F1}.Debug|x64.Build.0 = Debug|x64
		{F876FF0B-F5AF-4A52-819E-D458B1BA51F1}.Release|x64.ActiveCfg = Release|x64
		{F876FF0B-F5AF-4A52-819E-D458B1BA51F1}.Release|x64.Build.0 = Release|x64
	EndGlobalSection
EndGlobal
